
Microsoft Visual Studio Solution File, Format Version 12.00
# Visual Studio Version 18
VisualStudioVersion = 18.6.11819.183
MinimumVisualStudioVersion = 10.0.40219.1
Project("{2150E333-8FDC-42A3-9474-1A3956D46DE8}") = "Samples", "Samples", "{02EA681E-C7D8-13C7-8484-4AC65E1B71E8}"
EndProject
Project("{FAE04EC0-301F-11D3-BF4B-00C04F79EFBC}") = "DigitalRiseModel.FNA.Core", "DigitalRiseModel\DigitalRiseModel.FNA.Core.csproj", "{0881A579-0339-93D3-D4F6-EFC2EF06EE41}"
EndProject
Project("{2150E333-8FDC-42A3-9474-1A3956D46DE8}") = "ThirdParty", "ThirdParty", "{FB955119-43B2-4F31-888B-E2DBCEBE68A1}"
EndProject
Project("{FAE04EC0-301F-11D3-BF4B-00C04F79EFBC}") = "FNA.Core", "..\FNA\FNA.Core.csproj", "{B955E668-3D04-C971-D3D3-26D12AA164FE}"
EndProject
Project("{FAE04EC0-301F-11D3-BF4B-00C04F79EFBC}") = "FontStashSharp.FNA.Core", "..\FontStashSharp\src\XNA\FontStashSharp.FNA.Core.csproj", "{2535A45B-38CA-0551-63AC-19F2D00C17EB}"
EndProject
Project("{FAE04EC0-301F-11D3-BF4B-00C04F79EFBC}") = "DigitalRiseModel.Samples.Character.FNA.Core", "Samples\DigitalRiseModel.Samples.Character\DigitalRiseModel.Samples.Character.FNA.Core.csproj", "{4D519D8C-C6EB-31B4-0743-F937EF77AFAB}"
EndProject
Project("{FAE04EC0-301F-11D3-BF4B-00C04F79EFBC}") = "XNAssets.FNA.Core", "..\XNAssets\src\XNAssets\XNAssets.FNA.Core.csproj", "{55A6A49E-FCB0-0FA9-0CEC-734EB69F8855}"
EndProject
Project("{FAE04EC0-301F-11D3-BF4B-00C04F79EFBC}") = "XNAssets.FontStashSharp.FNA.Core", "..\XNAssets\src\XNAssets.FontStashSharp\XNAssets.FontStashSharp.FNA.Core.csproj", "{6C90CE78-ED1F-AA5B-A8DB-7958E76C8DCF}"
EndProject
Global
	GlobalSection(SolutionConfigurationPlatforms) = preSolution
		Debug|Any CPU = Debug|Any CPU
		Release|Any CPU = Release|Any CPU
	EndGlobalSection
	GlobalSection(ProjectConfigurationPlatforms) = postSolution
		{0881A579-0339-93D3-D4F6-EFC2EF06EE41}.Debug|Any CPU.ActiveCfg = Debug|Any CPU
		{0881A579-0339-93D3-D4F6-EFC2EF06EE41}.Debug|Any CPU.Build.0 = Debug|Any CPU
		{0881A579-0339-93D3-D4F6-EFC2EF06EE41}.Release|Any CPU.ActiveCfg = Release|Any CPU
		{0881A579-0339-93D3-D4F6-EFC2EF06EE41}.Release|Any CPU.Build.0 = Release|Any CPU
		{B955E668-3D04-C971-D3D3-26D12AA164FE}.Debug|Any CPU.ActiveCfg = Debug|Any CPU
		{B955E668-3D04-C971-D3D3-26D12AA164FE}.Debug|Any CPU.Build.0 = Debug|Any CPU
		{B955E668-3D04-C971-D3D3-26D12AA164FE}.Release|Any CPU.ActiveCfg = Release|Any CPU
		{B955E668-3D04-C971-D3D3-26D12AA164FE}.Release|Any CPU.Build.0 = Release|Any CPU
		{2535A45B-38CA-0551-63AC-19F2D00C17EB}.Debug|Any CPU.ActiveCfg = Debug|Any CPU
		{2535A45B-38CA-0551-63AC-19F2D00C17EB}.Debug|Any CPU.Build.0 = Debug|Any CPU
		{2535A45B-38CA-0551-63AC-19F2D00C17EB}.Release|Any CPU.ActiveCfg = Release|Any CPU
		{2535A45B-38CA-0551-63AC-19F2D00C17EB}.Release|Any CPU.Build.0 = Release|Any CPU
		{4D519D8C-C6EB-31B4-0743-F937EF77AFAB}.Debug|Any CPU.ActiveCfg = Debug|Any CPU
		{4D519D8C-C6EB-31B4-0743-F937EF77AFAB}.Debug|Any CPU.Build.0 = Debug|Any CPU
		{4D519D8C-C6EB-31B4-0743-F937EF77AFAB}.Release|Any CPU.ActiveCfg = Release|Any CPU
		{4D519D8C-C6EB-31B4-0743-F937EF77AFAB}.Release|Any CPU.Build.0 = Release|Any CPU
		{55A6A49E-FCB0-0FA9-0CEC-734EB69F8855}.Debug|Any CPU.ActiveCfg = Debug|Any CPU
		{55A6A49E-FCB0-0FA9-0CEC-734EB69F8855}.Debug|Any CPU.Build.0 = Debug|Any CPU
		{55A6A49E-FCB0-0FA9-0CEC-734EB69F8855}.Release|Any CPU.ActiveCfg = Release|Any CPU
		{55A6A49E-FCB0-0FA9-0CEC-734EB69F8855}.Release|Any CPU.Build.0 = Release|Any CPU
		{6C90CE78-ED1F-AA5B-A8DB-7958E76C8DCF}.Debug|Any CPU.ActiveCfg = Debug|Any CPU
		{6C90CE78-ED1F-AA5B-A8DB-7958E76C8DCF}.Debug|Any CPU.Build.0 = Debug|Any CPU
		{6C90CE78-ED1F-AA5B-A8DB-7958E76C8DCF}.Release|Any CPU.ActiveCfg = Release|Any CPU
		{6C90CE78-ED1F-AA5B-A8DB-7958E76C8DCF}.Release|Any CPU.Build.0 = Release|Any CPU
	EndGlobalSection
	GlobalSection(SolutionProperties) = preSolution
		HideSolutionNode = FALSE
	EndGlobalSection
	GlobalSection(NestedProjects) = preSolution
		{B955E668-3D04-C971-D3D3-26D12AA164FE} = {FB955119-43B2-4F31-888B-E2DBCEBE68A1}
		{2535A45B-38CA-0551-63AC-19F2D00C17EB} = {FB955119-43B2-4F31-888B-E2DBCEBE68A1}
		{4D519D8C-C6EB-31B4-0743-F937EF77AFAB} = {02EA681E-C7D8-13C7-8484-4AC65E1B71E8}
		{55A6A49E-FCB0-0FA9-0CEC-734EB69F8855} = {FB955119-43B2-4F31-888B-E2DBCEBE68A1}
		{6C90CE78-ED1F-AA5B-A8DB-7958E76C8DCF} = {FB955119-43B2-4F31-888B-E2DBCEBE68A1}
	EndGlobalSection
	GlobalSection(ExtensibilityGlobals) = postSolution
		SolutionGuid = {35ACDF4E-2CE2-46B1-A19F-35DC131069A1}
	EndGlobalSection
EndGlobal
